// !$*UTF8*$!
{
	archiveVersion = 1;
	classes = {
	};
	objectVersion = 46;
	objects = {

/* Begin PBXBuildFile section */
		E75698821F147C39008BC793 /* AppDelegate.swift in Sources */ = {isa = PBXBuildFile; fileRef = E75698811F147C39008BC793 /* AppDelegate.swift */; };
		E75698841F147C39008BC793 /* WebViewController1.swift in Sources */ = {isa = PBXBuildFile; fileRef = E75698831F147C39008BC793 /* WebViewController1.swift */; };
		E75698871F147C39008BC793 /* Main.storyboard in Resources */ = {isa = PBXBuildFile; fileRef = E75698851F147C39008BC793 /* Main.storyboard */; };
		E75698891F147C39008BC793 /* Assets.xcassets in Resources */ = {isa = PBXBuildFile; fileRef = E75698881F147C39008BC793 /* Assets.xcassets */; };
		E756988C1F147C39008BC793 /* LaunchScreen.storyboard in Resources */ = {isa = PBXBuildFile; fileRef = E756988A1F147C39008BC793 /* LaunchScreen.storyboard */; };
		E75698971F147C39008BC793 /* webViewTestTests.swift in Sources */ = {isa = PBXBuildFile; fileRef = E75698961F147C39008BC793 /* webViewTestTests.swift */; };
		E75698A21F147C39008BC793 /* webViewTestUITests.swift in Sources */ = {isa = PBXBuildFile; fileRef = E75698A11F147C39008BC793 /* webViewTestUITests.swift */; };
		E75698B01F14B992008BC793 /* WebViewController2.swift in Sources */ = {isa = PBXBuildFile; fileRef = E75698AF1F14B992008BC793 /* WebViewController2.swift */; };
		E75698B21F14B9A8008BC793 /* WebViewController3.swift in Sources */ = {isa = PBXBuildFile; fileRef = E75698B11F14B9A8008BC793 /* WebViewController3.swift */; };
/* End PBXBuildFile section */

/* Begin PBXContainerItemProxy section */
		E75698931F147C39008BC793 /* PBXContainerItemProxy */ = {
			isa = PBXContainerItemProxy;
			containerPortal = E75698761F147C39008BC793 /* Project object */;
			proxyType = 1;
			remoteGlobalIDString = E756987D1F147C39008BC793;
			remoteInfo = webViewTest;
		};
		E756989E1F147C39008BC793 /* PBXContainerItemProxy */ = {
			isa = PBXContainerItemProxy;
			containerPortal = E75698761F147C39008BC793 /* Project object */;
			proxyType = 1;
			remoteGlobalIDString = E756987D1F147C39008BC793;
			remoteInfo = webViewTest;
		};
/* End PBXContainerItemProxy section */

/* Begin PBXFileReference section */
		E756987E1F147C39008BC793 /* webViewTest.app */ = {isa = PBXFileReference; explicitFileType = wrapper.application; includeInIndex = 0; path = webViewTest.app; sourceTree = BUILT_PRODUCTS_DIR; };
		E75698811F147C39008BC793 /* AppDelegate.swift */ = {isa = PBXFileReference; lastKnownFileType = sourcecode.swift; path = AppDelegate.swift; sourceTree = "<group>"; };
		E75698831F147C39008BC793 /* WebViewController1.swift */ = {isa = PBXFileReference; lastKnownFileType = sourcecode.swift; path = WebViewController1.swift; sourceTree = "<group>"; };
		E75698861F147C39008BC793 /* Base */ = {isa = PBXFileReference; lastKnownFileType = file.storyboard; name = Base; path = Base.lproj/Main.storyboard; sourceTree = "<group>"; };
		E75698881F147C39008BC793 /* Assets.xcassets */ = {isa = PBXFileReference; lastKnownFileType = folder.assetcatalog; path = Assets.xcassets; sourceTree = "<group>"; };
		E756988B1F147C39008BC793 /* Base */ = {isa = PBXFileReference; lastKnownFileType = file.storyboard; name = Base; path = Base.lproj/LaunchScreen.storyboard; sourceTree = "<group>"; };
		E756988D1F147C39008BC793 /* Info.plist */ = {isa = PBXFileReference; lastKnownFileType = text.plist.xml; path = Info.plist; sourceTree = "<group>"; };
		E75698921F147C39008BC793 /* webViewTestTests.xctest */ = {isa = PBXFileReference; explicitFileType = wrapper.cfbundle; includeInIndex = 0; path = webViewTestTests.xctest; sourceTree = BUILT_PRODUCTS_DIR; };
		E75698961F147C39008BC793 /* webViewTestTests.swift */ = {isa = PBXFileReference; lastKnownFileType = sourcecode.swift; path = webViewTestTests.swift; sourceTree = "<group>"; };
		E75698981F147C39008BC793 /* Info.plist */ = {isa = PBXFileReference; lastKnownFileType = text.plist.xml; path = Info.plist; sourceTree = "<group>"; };
		E756989D1F147C39008BC793 /* webViewTestUITests.xctest */ = {isa = PBXFileReference; explicitFileType = wrapper.cfbundle; includeInIndex = 0; path = webViewTestUITests.xctest; sourceTree = BUILT_PRODUCTS_DIR; };
		E75698A11F147C39008BC793 /* webViewTestUITests.swift */ = {isa = PBXFileReference; lastKnownFileType = sourcecode.swift; path = webViewTestUITests.swift; sourceTree = "<group>"; };
		E75698A31F147C39008BC793 /* Info.plist */ = {isa = PBXFileReference; lastKnownFileType = text.plist.xml; path = Info.plist; sourceTree = "<group>"; };
		E75698AF1F14B992008BC793 /* WebViewController2.swift */ = {isa = PBXFileReference; fileEncoding = 4; lastKnownFileType = sourcecode.swift; path = WebViewController2.swift; sourceTree = "<group>"; };
		E75698B11F14B9A8008BC793 /* WebViewController3.swift */ = {isa = PBXFileReference; fileEncoding = 4; lastKnownFileType = sourcecode.swift; path = WebViewController3.swift; sourceTree = "<group>"; };
/* End PBXFileReference section */

/* Begin PBXFrameworksBuildPhase section */
		E756987B1F147C39008BC793 /* Frameworks */ = {
			isa = PBXFrameworksBuildPhase;
			buildActionMask = 2147483647;
			files = (
			);
			runOnlyForDeploymentPostprocessing = 0;
		};
		E756988F1F147C39008BC793 /* Frameworks */ = {
			isa = PBXFrameworksBuildPhase;
			buildActionMask = 2147483647;
			files = (
			);
			runOnlyForDeploymentPostprocessing = 0;
		};
		E756989A1F147C39008BC793 /* Frameworks */ = {
			isa = PBXFrameworksBuildPhase;
			buildActionMask = 2147483647;
			files = (
			);
			runOnlyForDeploymentPostprocessing = 0;
		};
/* End PBXFrameworksBuildPhase section */

/* Begin PBXGroup section */
		E75698751F147C39008BC793 = {
			isa = PBXGroup;
			children = (
				E75698801F147C39008BC793 /* webViewTest */,
				E75698951F147C39008BC793 /* webViewTestTests */,
				E75698A01F147C39008BC793 /* webViewTestUITests */,
				E756987F1F147C39008BC793 /* Products */,
			);
			sourceTree = "<group>";
		};
		E756987F1F147C39008BC793 /* Products */ = {
			isa = PBXGroup;
			children = (
				E756987E1F147C39008BC793 /* webViewTest.app */,
				E75698921F147C39008BC793 /* webViewTestTests.xctest */,
				E756989D1F147C39008BC793 /* webViewTestUITests.xctest */,
			);
			name = Products;
			sourceTree = "<group>";
		};
		E75698801F147C39008BC793 /* webViewTest */ = {
			isa = PBXGroup;
			children = (
				E75698811F147C39008BC793 /* AppDelegate.swift */,
				E75698831F147C39008BC793 /* WebViewController1.swift */,
				E75698AF1F14B992008BC793 /* WebViewController2.swift */,
				E75698B11F14B9A8008BC793 /* WebViewController3.swift */,
				E75698851F147C39008BC793 /* Main.storyboard */,
				E75698881F147C39008BC793 /* Assets.xcassets */,
				E756988A1F147C39008BC793 /* LaunchScreen.storyboard */,
				E756988D1F147C39008BC793 /* Info.plist */,
			);
			path = webViewTest;
			sourceTree = "<group>";
		};
		E75698951F147C39008BC793 /* webViewTestTests */ = {
			isa = PBXGroup;
			children = (
				E75698961F147C39008BC793 /* webViewTestTests.swift */,
				E75698981F147C39008BC793 /* Info.plist */,
			);
			path = webViewTestTests;
			sourceTree = "<group>";
		};
		E75698A01F147C39008BC793 /* webViewTestUITests */ = {
			isa = PBXGroup;
			children = (
				E75698A11F147C39008BC793 /* webViewTestUITests.swift */,
				E75698A31F147C39008BC793 /* Info.plist */,
			);
			path = webViewTestUITests;
			sourceTree = "<group>";
		};
/* End PBXGroup section */

/* Begin PBXNativeTarget section */
		E756987D1F147C39008BC793 /* webViewTest */ = {
			isa = PBXNativeTarget;
			buildConfigurationList = E75698A61F147C39008BC793 /* Build configuration list for PBXNativeTarget "webViewTest" */;
			buildPhases = (
				E756987A1F147C39008BC793 /* Sources */,
				E756987B1F147C39008BC793 /* Frameworks */,
				E756987C1F147C39008BC793 /* Resources */,
			);
			buildRules = (
			);
			dependencies = (
			);
			name = webViewTest;
			productName = webViewTest;
			productReference = E756987E1F147C39008BC793 /* webViewTest.app */;
			productType = "com.apple.product-type.application";
		};
		E75698911F147C39008BC793 /* webViewTestTests */ = {
			isa = PBXNativeTarget;
			buildConfigurationList = E75698A91F147C39008BC793 /* Build configuration list for PBXNativeTarget "webViewTestTests" */;
			buildPhases = (
				E756988E1F147C39008BC793 /* Sources */,
				E756988F1F147C39008BC793 /* Frameworks */,
				E75698901F147C39008BC793 /* Resources */,
			);
			buildRules = (
			);
			dependencies = (
				E75698941F147C39008BC793 /* PBXTargetDependency */,
			);
			name = webViewTestTests;
			productName = webViewTestTests;
			productReference = E75698921F147C39008BC793 /* webViewTestTests.xctest */;
			productType = "com.apple.product-type.bundle.unit-test";
		};
		E756989C1F147C39008BC793 /* webViewTestUITests */ = {
			isa = PBXNativeTarget;
			buildConfigurationList = E75698AC1F147C39008BC793 /* Build configuration list for PBXNativeTarget "webViewTestUITests" */;
			buildPhases = (
				E75698991F147C39008BC793 /* Sources */,
				E756989A1F147C39008BC793 /* Frameworks */,
				E756989B1F147C39008BC793 /* Resources */,
			);
			buildRules = (
			);
			dependencies = (
				E756989F1F147C39008BC793 /* PBXTargetDependency */,
			);
			name = webViewTestUITests;
			productName = webViewTestUITests;
			productReference = E756989D1F147C39008BC793 /* webViewTestUITests.xctest */;
			productType = "com.apple.product-type.bundle.ui-testing";
		};
/* End PBXNativeTarget section */

/* Begin PBXProject section */
		E75698761F147C39008BC793 /* Project object */ = {
			isa = PBXProject;
			attributes = {
				LastSwiftUpdateCheck = 0830;
				LastUpgradeCheck = 0830;
				ORGANIZATIONNAME = "Naoto Ohno";
				TargetAttributes = {
					E756987D1F147C39008BC793 = {
						CreatedOnToolsVersion = 8.3.1;
						ProvisioningStyle = Automatic;
					};
					E75698911F147C39008BC793 = {
						CreatedOnToolsVersion = 8.3.1;
						ProvisioningStyle = Automatic;
						TestTargetID = E756987D1F147C39008BC793;
					};
					E756989C1F147C39008BC793 = {
						CreatedOnToolsVersion = 8.3.1;
						ProvisioningStyle = Automatic;
						TestTargetID = E756987D1F147C39008BC793;
					};
				};
			};
			buildConfigurationList = E75698791F147C39008BC793 /* Build configuration list for PBXProject "webViewTest" */;
			compatibilityVersion = "Xcode 3.2";
			developmentRegion = English;
			hasScannedForEncodings = 0;
			knownRegions = (
				en,
				Base,
			);
			mainGroup = E75698751F147C39008BC793;
			productRefGroup = E756987F1F147C39008BC793 /* Products */;
			projectDirPath = "";
			projectRoot = "";
			targets = (
				E756987D1F147C39008BC793 /* webViewTest */,
				E75698911F147C39008BC793 /* webViewTestTests */,
				E756989C1F147C39008BC793 /* webViewTestUITests */,
			);
		};
/* End PBXProject section */

/* Begin PBXResourcesBuildPhase section */
		E756987C1F147C39008BC793 /* Resources */ = {
			isa = PBXResourcesBuildPhase;
			buildActionMask = 2147483647;
			files = (
				E756988C1F147C39008BC793 /* LaunchScreen.storyboard in Resources */,
				E75698891F147C39008BC793 /* Assets.xcassets in Resources */,
				E75698871F147C39008BC793 /* Main.storyboard in Resources */,
			);
			runOnlyForDeploymentPostprocessing = 0;
		};
		E75698901F147C39008BC793 /* Resources */ = {
			isa = PBXResourcesBuildPhase;
			buildActionMask = 2147483647;
			files = (
			);
			runOnlyForDeploymentPostprocessing = 0;
		};
		E756989B1F147C39008BC793 /* Resources */ = {
			isa = PBXResourcesBuildPhase;
			buildActionMask = 2147483647;
			files = (
			);
			runOnlyForDeploymentPostprocessing = 0;
		};
/* End PBXResourcesBuildPhase section */

/* Begin PBXSourcesBuildPhase section */
		E756987A1F147C39008BC793 /* Sources */ = {
			isa = PBXSourcesBuildPhase;
			buildActionMask = 2147483647;
			files = (
				E75698B01F14B992008BC793 /* WebViewController2.swift in Sources */,
				E75698841F147C39008BC793 /* WebViewController1.swift in Sources */,
				E75698821F147C39008BC793 /* AppDelegate.swift in Sources */,
				E75698B21F14B9A8008BC793 /* WebViewController3.swift in Sources */,
			);
			runOnlyForDeploymentPostprocessing = 0;
		};
		E756988E1F147C39008BC793 /* Sources */ = {
			isa = PBXSourcesBuildPhase;
			buildActionMask = 2147483647;
			files = (
				E75698971F147C39008BC793 /* webViewTestTests.swift in Sources */,
			);
			runOnlyForDeploymentPostprocessing = 0;
		};
		E75698991F147C39008BC793 /* Sources */ = {
			isa = PBXSourcesBuildPhase;
			buildActionMask = 2147483647;
			files = (
				E75698A21F147C39008BC793 /* webViewTestUITests.swift in Sources */,
			);
			runOnlyForDeploymentPostprocessing = 0;
		};
/* End PBXSourcesBuildPhase section */

/* Begin PBXTargetDependency section */
		E75698941F147C39008BC793 /* PBXTargetDependency */ = {
			isa = PBXTargetDependency;
			target = E756987D1F147C39008BC793 /* webViewTest */;
			targetProxy = E75698931F147C39008BC793 /* PBXContainerItemProxy */;
		};
		E756989F1F147C39008BC793 /* PBXTargetDependency */ = {
			isa = PBXTargetDependency;
			target = E756987D1F147C39008BC793 /* webViewTest */;
			targetProxy = E756989E1F147C39008BC793 /* PBXContainerItemProxy */;
		};
/* End PBXTargetDependency section */

/* Begin PBXVariantGroup section */
		E75698851F147C39008BC793 /* Main.storyboard */ = {
			isa = PBXVariantGroup;
			children = (
				E75698861F147C39008BC793 /* Base */,
			);
			name = Main.storyboard;
			sourceTree = "<group>";
		};
		E756988A1F147C39008BC793 /* LaunchScreen.storyboard */ = {
			isa = PBXVariantGroup;
			children = (
				E756988B1F147C39008BC793 /* Base */,
			);
			name = LaunchScreen.storyboard;
			sourceTree = "<group>";
		};
/* End PBXVariantGroup section */

/* Begin XCBuildConfiguration section */
		E75698A41F147C39008BC793 /* Debug */ = {
			isa = XCBuildConfiguration;
			buildSettings = {
				ALWAYS_SEARCH_USER_PATHS = NO;
				CLANG_ANALYZER_NONNULL = YES;
				CLANG_ANALYZER_NUMBER_OBJECT_CONVERSION = YES_AGGRESSIVE;
				CLANG_CXX_LANGUAGE_STANDARD = "gnu++0x";
				CLANG_CXX_LIBRARY = "libc++";
				CLANG_ENABLE_MODULES = YES;
				CLANG_ENABLE_OBJC_ARC = YES;
				CLANG_WARN_BOOL_CONVERSION = YES;
				CLANG_WARN_CONSTANT_CONVERSION = YES;
				CLANG_WARN_DIRECT_OBJC_ISA_USAGE = YES_ERROR;
				CLANG_WARN_DOCUMENTATION_COMMENTS = YES;
				CLANG_WARN_EMPTY_BODY = YES;
				CLANG_WARN_ENUM_CONVERSION = YES;
				CLANG_WARN_INFINITE_RECURSION = YES;
				CLANG_WARN_INT_CONVERSION = YES;
				CLANG_WARN_OBJC_ROOT_CLASS = YES_ERROR;
				CLANG_WARN_SUSPICIOUS_MOVE = YES;
				CLANG_WARN_UNREACHABLE_CODE = YES;
				CLANG_WARN__DUPLICATE_METHOD_MATCH = YES;
				"CODE_SIGN_IDENTITY[sdk=iphoneos*]" = "iPhone Developer";
				COPY_PHASE_STRIP = NO;
				DEBUG_INFORMATION_FORMAT = dwarf;
				ENABLE_STRICT_OBJC_MSGSEND = YES;
				ENABLE_TESTABILITY = YES;
				GCC_C_LANGUAGE_STANDARD = gnu99;
				GCC_DYNAMIC_NO_PIC = NO;
				GCC_NO_COMMON_BLOCKS = YES;
				GCC_OPTIMIZATION_LEVEL = 0;
				GCC_PREPROCESSOR_DEFINITIONS = (
					"DEBUG=1",
					"$(inherited)",
				);
				GCC_WARN_64_TO_32_BIT_CONVERSION = YES;
				GCC_WARN_ABOUT_RETURN_TYPE = YES_ERROR;
				GCC_WARN_UNDECLARED_SELECTOR = YES;
				GCC_WARN_UNINITIALIZED_AUTOS = YES_AGGRESSIVE;
				GCC_WARN_UNUSED_FUNCTION = YES;
				GCC_WARN_UNUSED_VARIABLE = YES;
				IPHONEOS_DEPLOYMENT_TARGET = 10.3;
				MTL_ENABLE_DEBUG_INFO = YES;
				ONLY_ACTIVE_ARCH = YES;
				SDKROOT = iphoneos;
				SWIFT_ACTIVE_COMPILATION_CONDITIONS = DEBUG;
				SWIFT_OPTIMIZATION_LEVEL = "-Onone";
				TARGETED_DEVICE_FAMILY = "1,2";
			};
			name = Debug;
		};
		E75698A51F147C39008BC793 /* Release */ = {
			isa = XCBuildConfiguration;
			buildSettings = {
				ALWAYS_SEARCH_USER_PATHS = NO;
				CLANG_ANALYZER_NONNULL = YES;
				CLANG_ANALYZER_NUMBER_OBJECT_CONVERSION = YES_AGGRESSIVE;
				CLANG_CXX_LANGUAGE_STANDARD = "gnu++0x";
				CLANG_CXX_LIBRARY = "libc++";
				CLANG_ENABLE_MODULES = YES;
				CLANG_ENABLE_OBJC_ARC = YES;
				CLANG_WARN_BOOL_CONVERSION = YES;
				CLANG_WARN_CONSTANT_CONVERSION = YES;
				CLANG_WARN_DIRECT_OBJC_ISA_USAGE = YES_ERROR;
				CLANG_WARN_DOCUMENTATION_COMMENTS = YES;
				CLANG_WARN_EMPTY_BODY = YES;
				CLANG_WARN_ENUM_CONVERSION = YES;
				CLANG_WARN_INFINITE_RECURSION = YES;
				CLANG_WARN_INT_CONVERSION = YES;
				CLANG_WARN_OBJC_ROOT_CLASS = YES_ERROR;
				CLANG_WARN_SUSPICIOUS_MOVE = YES;
				CLANG_WARN_UNREACHABLE_CODE = YES;
				CLANG_WARN__DUPLICATE_METHOD_MATCH = YES;
				"CODE_SIGN_IDENTITY[sdk=iphoneos*]" = "iPhone Developer";
				COPY_PHASE_STRIP = NO;
				DEBUG_INFORMATION_FORMAT = "dwarf-with-dsym";
				ENABLE_NS_ASSERTIONS = NO;
				ENABLE_STRICT_OBJC_MSGSEND = YES;
				GCC_C_LANGUAGE_STANDARD = gnu99;
				GCC_NO_COMMON_BLOCKS = YES;
				GCC_WARN_64_TO_32_BIT_CONVERSION = YES;
				GCC_WARN_ABOUT_RETURN_TYPE = YES_ERROR;
				GCC_WARN_UNDECLARED_SELECTOR = YES;
				GCC_WARN_UNINITIALIZED_AUTOS = YES_AGGRESSIVE;
				GCC_WARN_UNUSED_FUNCTION = YES;
				GCC_WARN_UNUSED_VARIABLE = YES;
				IPHONEOS_DEPLOYMENT_TARGET = 10.3;
				MTL_ENABLE_DEBUG_INFO = NO;
				SDKROOT = iphoneos;
				SWIFT_OPTIMIZATION_LEVEL = "-Owholemodule";
				TARGETED_DEVICE_FAMILY = "1,2";
				VALIDATE_PRODUCT = YES;
			};
			name = Release;
		};
		E75698A71F147C39008BC793 /* Debug */ = {
			isa = XCBuildConfiguration;
			buildSettings = {
				ASSETCATALOG_COMPILER_APPICON_NAME = AppIcon;
				INFOPLIST_FILE = webViewTest/Info.plist;
				LD_RUNPATH_SEARCH_PATHS = "$(inherited) @executable_path/Frameworks";
				PRODUCT_BUNDLE_IDENTIFIER = ohno.webViewTest;
				PRODUCT_NAME = "$(TARGET_NAME)";
				SWIFT_VERSION = 3.0;
			};
			name = Debug;
		};
		E75698A81F147C39008BC793 /* Release */ = {
			isa = XCBuildConfiguration;
			buildSettings = {
				ASSETCATALOG_COMPILER_APPICON_NAME = AppIcon;
				INFOPLIST_FILE = webViewTest/Info.plist;
				LD_RUNPATH_SEARCH_PATHS = "$(inherited) @executable_path/Frameworks";
				PRODUCT_BUNDLE_IDENTIFIER = ohno.webViewTest;
				PRODUCT_NAME = "$(TARGET_NAME)";
				SWIFT_VERSION = 3.0;
			};
			name = Release;
		};
		E75698AA1F147C39008BC793 /* Debug */ = {
			isa = XCBuildConfiguration;
			buildSettings = {
				ALWAYS_EMBED_SWIFT_STANDARD_LIBRARIES = YES;
				BUNDLE_LOADER = "$(TEST_HOST)";
				INFOPLIST_FILE = webViewTestTests/Info.plist;
				LD_RUNPATH_SEARCH_PATHS = "$(inherited) @executable_path/Frameworks @loader_path/Frameworks";
				PRODUCT_BUNDLE_IDENTIFIER = ohno.webViewTestTests;
				PRODUCT_NAME = "$(TARGET_NAME)";
				SWIFT_VERSION = 3.0;
				TEST_HOST = "$(BUILT_PRODUCTS_DIR)/webViewTest.app/webViewTest";
			};
			name = Debug;
		};
		E75698AB1F147C39008BC793 /* Release */ = {
			isa = XCBuildConfiguration;
			buildSettings = {
				ALWAYS_EMBED_SWIFT_STANDARD_LIBRARIES = YES;
				BUNDLE_LOADER = "$(TEST_HOST)";
				INFOPLIST_FILE = webViewTestTests/Info.plist;
				LD_RUNPATH_SEARCH_PATHS = "$(inherited) @executable_path/Frameworks @loader_path/Frameworks";
				PRODUCT_BUNDLE_IDENTIFIER = ohno.webViewTestTests;
				PRODUCT_NAME = "$(TARGET_NAME)";
				SWIFT_VERSION = 3.0;
				TEST_HOST = "$(BUILT_PRODUCTS_DIR)/webViewTest.app/webViewTest";
			};
			name = Release;
		};
		E75698AD1F147C39008BC793 /* Debug */ = {
			isa = XCBuildConfiguration;
			buildSettings = {
				ALWAYS_EMBED_SWIFT_STANDARD_LIBRARIES = YES;
				INFOPLIST_FILE = webViewTestUITests/Info.plist;
				LD_RUNPATH_SEARCH_PATHS = "$(inherited) @executable_path/Frameworks @loader_path/Frameworks";
				PRODUCT_BUNDLE_IDENTIFIER = ohno.webViewTestUITests;
				PRODUCT_NAME = "$(TARGET_NAME)";
				SWIFT_VERSION = 3.0;
				TEST_TARGET_NAME = webViewTest;
			};
			name = Debug;
		};
		E75698AE1F147C39008BC793 /* Release */ = {
			isa = XCBuildConfiguration;
			buildSettings = {
				ALWAYS_EMBED_SWIFT_STANDARD_LIBRARIES = YES;
				INFOPLIST_FILE = webViewTestUITests/Info.plist;
				LD_RUNPATH_SEARCH_PATHS = "$(inherited) @executable_path/Frameworks @loader_path/Frameworks";
				PRODUCT_BUNDLE_IDENTIFIER = ohno.webViewTestUITests;
				PRODUCT_NAME = "$(TARGET_NAME)";
				SWIFT_VERSION = 3.0;
				TEST_TARGET_NAME = webViewTest;
			};
			name = Release;
		};
/* End XCBuildConfiguration section */

/* Begin XCConfigurationList section */
		E75698791F147C39008BC793 /* Build configuration list for PBXProject "webViewTest" */ = {
			isa = XCConfigurationList;
			buildConfigurations = (
				E75698A41F147C39008BC793 /* Debug */,
				E75698A51F147C39008BC793 /* Release */,
			);
			defaultConfigurationIsVisible = 0;
			defaultConfigurationName = Release;
		};
		E75698A61F147C39008BC793 /* Build configuration list for PBXNativeTarget "webViewTest" */ = {
			isa = XCConfigurationList;
			buildConfigurations = (
				E75698A71F147C39008BC793 /* Debug */,
				E75698A81F147C39008BC793 /* Release */,
			);
			defaultConfigurationIsVisible = 0;
		};
		E75698A91F147C39008BC793 /* Build configuration list for PBXNativeTarget "webViewTestTests" */ = {
			isa = XCConfigurationList;
			buildConfigurations = (
				E75698AA1F147C39008BC793 /* Debug */,
				E75698AB1F147C39008BC793 /* Release */,
			);
			defaultConfigurationIsVisible = 0;
		};
		E75698AC1F147C39008BC793 /* Build configuration list for PBXNativeTarget "webViewTestUITests" */ = {
			isa = XCConfigurationList;
			buildConfigurations = (
				E75698AD1F147C39008BC793 /* Debug */,
				E75698AE1F147C39008BC793 /* Release */,
			);
			defaultConfigurationIsVisible = 0;
		};
/* End XCConfigurationList section */
	};
	rootObject = E75698761F147C39008BC793 /* Project object */;
}
